
Microsoft Visual Studio Solution File, Format Version 12.00
# Visual Studio Version 17
Project("{2150E333-8FDC-42A3-9474-1A3956D46DE8}") = "Core", "Core", "{15A0C35D-0158-05AB-6A5F-DE065636A09B}"
EndProject
Project("{8BC9CEB8-8B4A-11D0-8D11-00A0C91BC942}") = "Walnut", "Walnut\Walnut\Walnut.vcxproj", "{C038E8D9-ACDA-12B0-9595-260481D69900}"
EndProject
Project("{8BC9CEB8-8B4A-11D0-8D11-00A0C91BC942}") = "Walnut-Networking", "Walnut\Walnut-Modules\Walnut-Networking\Walnut-Networking.vcxproj", "{559FD64E-C1B5-D4E4-0A2D-60067682A56C}"
EndProject
Project("{2150E333-8FDC-42A3-9474-1A3956D46DE8}") = "Dependencies", "Dependencies", "{53E47842-3FC8-3998-A828-34EB942B241A}"
EndProject
Project("{8BC9CEB8-8B4A-11D0-8D11-00A0C91BC942}") = "GLFW", "Walnut\vendor\glfw\GLFW.vcxproj", "{154B857C-0182-860D-AA6E-6C109684020F}"
EndProject
Project("{8BC9CEB8-8B4A-11D0-8D11-00A0C91BC942}") = "ImGui", "Walnut\vendor\imgui\ImGui.vcxproj", "{C0FF640D-2C14-8DBE-F595-301E616989EF}"
EndProject
Project("{8BC9CEB8-8B4A-11D0-8D11-00A0C91BC942}") = "yaml-cpp", "Walnut\vendor\yaml-cpp\yaml-cpp.vcxproj", "{88F1A057-74BE-FB62-9DD7-E90A890331F1}"
EndProject
Project("{2150E333-8FDC-42A3-9474-1A3956D46DE8}") = "StarsOfRedemption", "StarsOfRedemption", "{25C92ECD-9100-7764-9A0A-DB8706C19D5D}"
EndProject
Project("{8BC9CEB8-8B4A-11D0-8D11-00A0C91BC942}") = "StarsOfRedemption-Client", "StarsOfRedemption-Client\StarsOfRedemption-Client.vcxproj", "{AAEED05B-9613-20DC-BF5E-056CABE21EFA}"
EndProject
Project("{8BC9CEB8-8B4A-11D0-8D11-00A0C91BC942}") = "StarsOfRedemption-Common", "StarsOfRedemption-Common\StarsOfRedemption-Common.vcxproj", "{D48B095C-C0B0-58DC-E9FB-3D6CD57F57FA}"
EndProject
Project("{8BC9CEB8-8B4A-11D0-8D11-00A0C91BC942}") = "StarsOfRedemption-Server", "StarsOfRedemption-Server\StarsOfRedemption-Server.vcxproj", "{C203AA80-AE28-F900-D773-DE90C3F7F71E}"
EndProject
Global
	GlobalSection(SolutionConfigurationPlatforms) = preSolution
		Debug|x64 = Debug|x64
		Dist|x64 = Dist|x64
		Release|x64 = Release|x64
	EndGlobalSection
	GlobalSection(ProjectConfigurationPlatforms) = postSolution
		{C038E8D9-ACDA-12B0-9595-260481D69900}.Debug|x64.ActiveCfg = Debug|x64
		{C038E8D9-ACDA-12B0-9595-260481D69900}.Debug|x64.Build.0 = Debug|x64
		{C038E8D9-ACDA-12B0-9595-260481D69900}.Dist|x64.ActiveCfg = Dist|x64
		{C038E8D9-ACDA-12B0-9595-260481D69900}.Dist|x64.Build.0 = Dist|x64
		{C038E8D9-ACDA-12B0-9595-260481D69900}.Release|x64.ActiveCfg = Release|x64
		{C038E8D9-ACDA-12B0-9595-260481D69900}.Release|x64.Build.0 = Release|x64
		{559FD64E-C1B5-D4E4-0A2D-60067682A56C}.Debug|x64.ActiveCfg = Debug|x64
		{559FD64E-C1B5-D4E4-0A2D-60067682A56C}.Debug|x64.Build.0 = Debug|x64
		{559FD64E-C1B5-D4E4-0A2D-60067682A56C}.Dist|x64.ActiveCfg = Dist|x64
		{559FD64E-C1B5-D4E4-0A2D-60067682A56C}.Dist|x64.Build.0 = Dist|x64
		{559FD64E-C1B5-D4E4-0A2D-60067682A56C}.Release|x64.ActiveCfg = Release|x64
		{559FD64E-C1B5-D4E4-0A2D-60067682A56C}.Release|x64.Build.0 = Release|x64
		{154B857C-0182-860D-AA6E-6C109684020F}.Debug|x64.ActiveCfg = Debug|x64
		{154B857C-0182-860D-AA6E-6C109684020F}.Debug|x64.Build.0 = Debug|x64
		{154B857C-0182-860D-AA6E-6C109684020F}.Dist|x64.ActiveCfg = Dist|x64
		{154B857C-0182-860D-AA6E-6C109684020F}.Dist|x64.Build.0 = Dist|x64
		{154B857C-0182-860D-AA6E-6C109684020F}.Release|x64.ActiveCfg = Release|x64
		{154B857C-0182-860D-AA6E-6C109684020F}.Release|x64.Build.0 = Release|x64
		{C0FF640D-2C14-8DBE-F595-301E616989EF}.Debug|x64.ActiveCfg = Debug|x64
		{C0FF640D-2C14-8DBE-F595-301E616989EF}.Debug|x64.Build.0 = Debug|x64
		{C0FF640D-2C14-8DBE-F595-301E616989EF}.Dist|x64.ActiveCfg = Dist|x64
		{C0FF640D-2C14-8DBE-F595-301E616989EF}.Dist|x64.Build.0 = Dist|x64
		{C0FF640D-2C14-8DBE-F595-301E616989EF}.Release|x64.ActiveCfg = Release|x64
		{C0FF640D-2C14-8DBE-F595-301E616989EF}.Release|x64.Build.0 = Release|x64
		{88F1A057-74BE-FB62-9DD7-E90A890331F1}.Debug|x64.ActiveCfg = Debug|x64
		{88F1A057-74BE-FB62-9DD7-E90A890331F1}.Debug|x64.Build.0 = Debug|x64
		{88F1A057-74BE-FB62-9DD7-E90A890331F1}.Dist|x64.ActiveCfg = Dist|x64
		{88F1A057-74BE-FB62-9DD7-E90A890331F1}.Dist|x64.Build.0 = Dist|x64
		{88F1A057-74BE-FB62-9DD7-E90A890331F1}.Release|x64.ActiveCfg = Release|x64
		{88F1A057-74BE-FB62-9DD7-E90A890331F1}.Release|x64.Build.0 = Release|x64
		{AAEED05B-9613-20DC-BF5E-056CABE21EFA}.Debug|x64.ActiveCfg = Debug|x64
		{AAEED05B-9613-20DC-BF5E-056CABE21EFA}.Debug|x64.Build.0 = Debug|x64
		{AAEED05B-9613-20DC-BF5E-056CABE21EFA}.Dist|x64.ActiveCfg = Dist|x64
		{AAEED05B-9613-20DC-BF5E-056CABE21EFA}.Dist|x64.Build.0 = Dist|x64
		{AAEED05B-9613-20DC-BF5E-056CABE21EFA}.Release|x64.ActiveCfg = Release|x64
		{AAEED05B-9613-20DC-BF5E-056CABE21EFA}.Release|x64.Build.0 = Release|x64
		{D48B095C-C0B0-58DC-E9FB-3D6CD57F57FA}.Debug|x64.ActiveCfg = Debug|x64
		{D48B095C-C0B0-58DC-E9FB-3D6CD57F57FA}.Debug|x64.Build.0 = Debug|x64
		{D48B095C-C0B0-58DC-E9FB-3D6CD57F57FA}.Dist|x64.ActiveCfg = Dist|x64
		{D48B095C-C0B0-58DC-E9FB-3D6CD57F57FA}.Dist|x64.Build.0 = Dist|x64
		{D48B095C-C0B0-58DC-E9FB-3D6CD57F57FA}.Release|x64.ActiveCfg = Release|x64
		{D48B095C-C0B0-58DC-E9FB-3D6CD57F57FA}.Release|x64.Build.0 = Release|x64
		{C203AA80-AE28-F900-D773-DE90C3F7F71E}.Debug|x64.ActiveCfg = Debug|x64
		{C203AA80-AE28-F900-D773-DE90C3F7F71E}.Debug|x64.Build.0 = Debug|x64
		{C203AA80-AE28-F900-D773-DE90C3F7F71E}.Dist|x64.ActiveCfg = Dist|x64
		{C203AA80-AE28-F900-D773-DE90C3F7F71E}.Dist|x64.Build.0 = Dist|x64
		{C203AA80-AE28-F900-D773-DE90C3F7F71E}.Release|x64.ActiveCfg = Release|x64
		{C203AA80-AE28-F900-D773-DE90C3F7F71E}.Release|x64.Build.0 = Release|x64
	EndGlobalSection
	GlobalSection(SolutionProperties) = preSolution
		HideSolutionNode = FALSE
	EndGlobalSection
	GlobalSection(NestedProjects) = preSolution
		{C038E8D9-ACDA-12B0-9595-260481D69900} = {15A0C35D-0158-05AB-6A5F-DE065636A09B}
		{559FD64E-C1B5-D4E4-0A2D-60067682A56C} = {15A0C35D-0158-05AB-6A5F-DE065636A09B}
		{154B857C-0182-860D-AA6E-6C109684020F} = {53E47842-3FC8-3998-A828-34EB942B241A}
		{C0FF640D-2C14-8DBE-F595-301E616989EF} = {53E47842-3FC8-3998-A828-34EB942B241A}
		{88F1A057-74BE-FB62-9DD7-E90A890331F1} = {53E47842-3FC8-3998-A828-34EB942B241A}
		{AAEED05B-9613-20DC-BF5E-056CABE21EFA} = {25C92ECD-9100-7764-9A0A-DB8706C19D5D}
		{D48B095C-C0B0-58DC-E9FB-3D6CD57F57FA} = {25C92ECD-9100-7764-9A0A-DB8706C19D5D}
		{C203AA80-AE28-F900-D773-DE90C3F7F71E} = {25C92ECD-9100-7764-9A0A-DB8706C19D5D}
	EndGlobalSection
EndGlobal
